DEPENDENCIES
  apt
    git: git://github.com/opscode-cookbooks/apt.git
    revision: a22d25ba5862d463b08ebbf52f163a90f9878704
  django_app
    path: .
  nginx
    git: git://github.com/opscode-cookbooks/nginx.git
    revision: e128a0ad7322b0d406857aac5efc7a1c1cb824cd
  python
    git: git://github.com/opscode-cookbooks/python.git
    revision: 8b3fd0f187c7673e64b02bfc43c2c29d243359cc
  user
    git: git://github.com/fnichol/chef-user.git
    revision: 62e3e2b6848445f80ba1ff22bd82c57c63fa72e5

GRAPH
  apt (2.6.0)
  bluepill (2.3.1)
    rsyslog (>= 0.0.0)
  build-essential (2.1.2)
  django_app (0.1.0)
  nginx (2.7.4)
    apt (~> 2.2)
    bluepill (~> 2.3)
    build-essential (~> 2.0)
    ohai (~> 2.0)
    runit (~> 1.2)
    yum-epel (~> 0.3)
  ohai (2.0.1)
  python (1.4.7)
    build-essential (>= 0.0.0)
    yum-epel (>= 0.0.0)
  rsyslog (1.12.2)
  runit (1.5.10)
    build-essential (>= 0.0.0)
    yum (~> 3.0)
    yum-epel (>= 0.0.0)
  user (0.3.1)
  yum (3.4.0)
  yum-epel (0.5.1)
    yum (~> 3.0)
